
Microsoft Visual Studio Solution File, Format Version 12.00
# Visual Studio 14
VisualStudioVersion = 14.0.25420.1
MinimumVisualStudioVersion = 10.0.40219.1
Project("{FAE04EC0-301F-11D3-BF4B-00C04F79EFBC}") = "TimeTabling.CORE", "TimeTabling.CORE\TimeTabling.CORE.csproj", "{ED9EBDE7-273D-4D2E-9521-EADE818C2D21}"
EndProject
Project("{FAE04EC0-301F-11D3-BF4B-00C04F79EFBC}") = "TimeTabling.Application", "TimeTabling.Application\TimeTabling.Application.csproj", "{05C8799F-5A0A-4C4C-9249-B2D52CFB15BE}"
EndProject
Project("{FAE04EC0-301F-11D3-BF4B-00C04F79EFBC}") = "TimeTabling.DAL", "TimeTabling.DAL\TimeTabling.DAL.csproj", "{125CE172-B332-49A7-958E-8FADC4200249}"
EndProject
Project("{FAE04EC0-301F-11D3-BF4B-00C04F79EFBC}") = "WebApplication1", "WebApplication1\WebApplication1.csproj", "{182A669D-6D8F-441A-BED6-53D7B1014FAC}"
EndProject
Global
	GlobalSection(SolutionConfigurationPlatforms) = preSolution
		Debug|Any CPU = Debug|Any CPU
		Release|Any CPU = Release|Any CPU
	EndGlobalSection
	GlobalSection(ProjectConfigurationPlatforms) = postSolution
		{ED9EBDE7-273D-4D2E-9521-EADE818C2D21}.Debug|Any CPU.ActiveCfg = Debug|Any CPU
		{ED9EBDE7-273D-4D2E-9521-EADE818C2D21}.Debug|Any CPU.Build.0 = Debug|Any CPU
		{ED9EBDE7-273D-4D2E-9521-EADE818C2D21}.Release|Any CPU.ActiveCfg = Release|Any CPU
		{ED9EBDE7-273D-4D2E-9521-EADE818C2D21}.Release|Any CPU.Build.0 = Release|Any CPU
		{05C8799F-5A0A-4C4C-9249-B2D52CFB15BE}.Debug|Any CPU.ActiveCfg = Debug|Any CPU
		{05C8799F-5A0A-4C4C-9249-B2D52CFB15BE}.Debug|Any CPU.Build.0 = Debug|Any CPU
		{05C8799F-5A0A-4C4C-9249-B2D52CFB15BE}.Release|Any CPU.ActiveCfg = Release|Any CPU
		{05C8799F-5A0A-4C4C-9249-B2D52CFB15BE}.Release|Any CPU.Build.0 = Release|Any CPU
		{125CE172-B332-49A7-958E-8FADC4200249}.Debug|Any CPU.ActiveCfg = Debug|Any CPU
		{125CE172-B332-49A7-958E-8FADC4200249}.Debug|Any CPU.Build.0 = Debug|Any CPU
		{125CE172-B332-49A7-958E-8FADC4200249}.Release|Any CPU.ActiveCfg = Release|Any CPU
		{125CE172-B332-49A7-958E-8FADC4200249}.Release|Any CPU.Build.0 = Release|Any CPU
		{182A669D-6D8F-441A-BED6-53D7B1014FAC}.Debug|Any CPU.ActiveCfg = Debug|Any CPU
		{182A669D-6D8F-441A-BED6-53D7B1014FAC}.Debug|Any CPU.Build.0 = Debug|Any CPU
		{182A669D-6D8F-441A-BED6-53D7B1014FAC}.Release|Any CPU.ActiveCfg = Release|Any CPU
		{182A669D-6D8F-441A-BED6-53D7B1014FAC}.Release|Any CPU.Build.0 = Release|Any CPU
	EndGlobalSection
	GlobalSection(SolutionProperties) = preSolution
		HideSolutionNode = FALSE
	EndGlobalSection
EndGlobal
